// !$*UTF8*$!
{
	archiveVersion = 1;
	classes = {
	};
	objectVersion = 48;
	objects = {

/* Begin PBXBuildFile section */
		7619724121388C0F00D618BC /* SceneKitView.swift in Sources */ = {isa = PBXBuildFile; fileRef = 7619724021388C0E00D618BC /* SceneKitView.swift */; };
		761972432138931B00D618BC /* Conects.swift in Sources */ = {isa = PBXBuildFile; fileRef = 761972422138931A00D618BC /* Conects.swift */; };
		764D5C6D213402AD00D95104 /* LigandController.swift in Sources */ = {isa = PBXBuildFile; fileRef = 76D72ECC2130A90400C52D82 /* LigandController.swift */; };
		764D5C6F21345A7B00D95104 /* Atoms.swift in Sources */ = {isa = PBXBuildFile; fileRef = 764D5C6E21345A7B00D95104 /* Atoms.swift */; };
		764E326C2135A25E00366E8C /* ColorFactory.swift in Sources */ = {isa = PBXBuildFile; fileRef = 764E326B2135A25E00366E8C /* ColorFactory.swift */; };
		764E326E2135A35000366E8C /* Color.swift in Sources */ = {isa = PBXBuildFile; fileRef = 764E326D2135A35000366E8C /* Color.swift */; };
		764E32722135FDFC00366E8C /* Cylinder.swift in Sources */ = {isa = PBXBuildFile; fileRef = 764E32712135FDFC00366E8C /* Cylinder.swift */; };
		76D72EC8213092C300C52D82 /* TableView + Search.swift in Sources */ = {isa = PBXBuildFile; fileRef = 76D72EC7213092C300C52D82 /* TableView + Search.swift */; };
		76D72ECB2130941E00C52D82 /* Ligands.swift in Sources */ = {isa = PBXBuildFile; fileRef = 76D72ECA2130941E00C52D82 /* Ligands.swift */; };
		9475DDD02136DEF20098CCFB /* UIColor.swift in Sources */ = {isa = PBXBuildFile; fileRef = 9475DDCF2136DEF20098CCFB /* UIColor.swift */; };
		9475DDD22136FAC70098CCFB /* UIView + Constraint.swift in Sources */ = {isa = PBXBuildFile; fileRef = 9475DDD12136FAC70098CCFB /* UIView + Constraint.swift */; };
		94A3B77F2126D64D001AAC40 /* AppDelegate.swift in Sources */ = {isa = PBXBuildFile; fileRef = 94A3B77E2126D64D001AAC40 /* AppDelegate.swift */; };
		94A3B7862126D64E001AAC40 /* Assets.xcassets in Resources */ = {isa = PBXBuildFile; fileRef = 94A3B7852126D64E001AAC40 /* Assets.xcassets */; };
		94A3B7892126D64E001AAC40 /* LaunchScreen.storyboard in Resources */ = {isa = PBXBuildFile; fileRef = 94A3B7872126D64E001AAC40 /* LaunchScreen.storyboard */; };
		94A433D42129ACCC007933E0 /* ligands.txt in Resources */ = {isa = PBXBuildFile; fileRef = 94A433D32129ACCC007933E0 /* ligands.txt */; };
		94A433D62129B116007933E0 /* ProteinCell.swift in Sources */ = {isa = PBXBuildFile; fileRef = 94A433D52129B116007933E0 /* ProteinCell.swift */; };
		94A5BF012126D6EE00AA4090 /* ListController.swift in Sources */ = {isa = PBXBuildFile; fileRef = 94A5BF002126D6EE00AA4090 /* ListController.swift */; };
		94A5BF032126FF4800AA4090 /* TouchController.swift in Sources */ = {isa = PBXBuildFile; fileRef = 94A5BF022126FF4700AA4090 /* TouchController.swift */; };
/* End PBXBuildFile section */

/* Begin PBXFileReference section */
		7619724021388C0E00D618BC /* SceneKitView.swift */ = {isa = PBXFileReference; lastKnownFileType = sourcecode.swift; path = SceneKitView.swift; sourceTree = "<group>"; };
		761972422138931A00D618BC /* Conects.swift */ = {isa = PBXFileReference; lastKnownFileType = sourcecode.swift; path = Conects.swift; sourceTree = "<group>"; };
		764D5C6E21345A7B00D95104 /* Atoms.swift */ = {isa = PBXFileReference; lastKnownFileType = sourcecode.swift; path = Atoms.swift; sourceTree = "<group>"; };
		764E326B2135A25E00366E8C /* ColorFactory.swift */ = {isa = PBXFileReference; lastKnownFileType = sourcecode.swift; path = ColorFactory.swift; sourceTree = "<group>"; };
		764E326D2135A35000366E8C /* Color.swift */ = {isa = PBXFileReference; lastKnownFileType = sourcecode.swift; path = Color.swift; sourceTree = "<group>"; };
		764E32712135FDFC00366E8C /* Cylinder.swift */ = {isa = PBXFileReference; lastKnownFileType = sourcecode.swift; path = Cylinder.swift; sourceTree = "<group>"; };
		76D72EC7213092C300C52D82 /* TableView + Search.swift */ = {isa = PBXFileReference; lastKnownFileType = sourcecode.swift; path = "TableView + Search.swift"; sourceTree = "<group>"; };
		76D72ECA2130941E00C52D82 /* Ligands.swift */ = {isa = PBXFileReference; lastKnownFileType = sourcecode.swift; path = Ligands.swift; sourceTree = "<group>"; };
		76D72ECC2130A90400C52D82 /* LigandController.swift */ = {isa = PBXFileReference; lastKnownFileType = sourcecode.swift; path = LigandController.swift; sourceTree = "<group>"; };
		9475DDCF2136DEF20098CCFB /* UIColor.swift */ = {isa = PBXFileReference; lastKnownFileType = sourcecode.swift; path = UIColor.swift; sourceTree = "<group>"; };
		9475DDD12136FAC70098CCFB /* UIView + Constraint.swift */ = {isa = PBXFileReference; lastKnownFileType = sourcecode.swift; path = "UIView + Constraint.swift"; sourceTree = "<group>"; };
		94A3B77B2126D64D001AAC40 /* Proteins.app */ = {isa = PBXFileReference; explicitFileType = wrapper.application; includeInIndex = 0; path = Proteins.app; sourceTree = BUILT_PRODUCTS_DIR; };
		94A3B77E2126D64D001AAC40 /* AppDelegate.swift */ = {isa = PBXFileReference; lastKnownFileType = sourcecode.swift; path = AppDelegate.swift; sourceTree = "<group>"; };
		94A3B7852126D64E001AAC40 /* Assets.xcassets */ = {isa = PBXFileReference; lastKnownFileType = folder.assetcatalog; path = Assets.xcassets; sourceTree = "<group>"; };
		94A3B7882126D64E001AAC40 /* Base */ = {isa = PBXFileReference; lastKnownFileType = file.storyboard; name = Base; path = Base.lproj/LaunchScreen.storyboard; sourceTree = "<group>"; };
		94A3B78A2126D64E001AAC40 /* Info.plist */ = {isa = PBXFileReference; lastKnownFileType = text.plist.xml; path = Info.plist; sourceTree = "<group>"; };
		94A433D32129ACCC007933E0 /* ligands.txt */ = {isa = PBXFileReference; fileEncoding = 4; lastKnownFileType = text; name = ligands.txt; path = Proteins/ligands.txt; sourceTree = SOURCE_ROOT; };
		94A433D52129B116007933E0 /* ProteinCell.swift */ = {isa = PBXFileReference; lastKnownFileType = sourcecode.swift; path = ProteinCell.swift; sourceTree = "<group>"; };
		94A5BF002126D6EE00AA4090 /* ListController.swift */ = {isa = PBXFileReference; lastKnownFileType = sourcecode.swift; path = ListController.swift; sourceTree = "<group>"; };
		94A5BF022126FF4700AA4090 /* TouchController.swift */ = {isa = PBXFileReference; lastKnownFileType = sourcecode.swift; path = TouchController.swift; sourceTree = "<group>"; };
/* End PBXFileReference section */

/* Begin PBXFrameworksBuildPhase section */
		94A3B7782126D64D001AAC40 /* Frameworks */ = {
			isa = PBXFrameworksBuildPhase;
			buildActionMask = 2147483647;
			files = (
			);
			runOnlyForDeploymentPostprocessing = 0;
		};
/* End PBXFrameworksBuildPhase section */

/* Begin PBXGroup section */
		764E326A2135A23400366E8C /* Tools */ = {
			isa = PBXGroup;
			children = (
				764E326B2135A25E00366E8C /* ColorFactory.swift */,
			);
			path = Tools;
			sourceTree = "<group>";
		};
		76AA097C2128B176004D7323 /* Controllers */ = {
			isa = PBXGroup;
			children = (
				94A5BF002126D6EE00AA4090 /* ListController.swift */,
				76D72ECC2130A90400C52D82 /* LigandController.swift */,
				94A5BF022126FF4700AA4090 /* TouchController.swift */,
			);
			path = Controllers;
			sourceTree = "<group>";
		};
		76D72EC62130929F00C52D82 /* Extensions */ = {
			isa = PBXGroup;
			children = (
				76D72EC7213092C300C52D82 /* TableView + Search.swift */,
				9475DDCF2136DEF20098CCFB /* UIColor.swift */,
				9475DDD12136FAC70098CCFB /* UIView + Constraint.swift */,
			);
			path = Extensions;
			sourceTree = "<group>";
		};
		76D72EC92130940600C52D82 /* Models */ = {
			isa = PBXGroup;
			children = (
				76D72ECA2130941E00C52D82 /* Ligands.swift */,
				761972422138931A00D618BC /* Conects.swift */,
				764D5C6E21345A7B00D95104 /* Atoms.swift */,
				764E326D2135A35000366E8C /* Color.swift */,
			);
			path = Models;
			sourceTree = "<group>";
		};
		94A3B7722126D64D001AAC40 = {
			isa = PBXGroup;
			children = (
				94A3B77D2126D64D001AAC40 /* Proteins */,
				94A3B77C2126D64D001AAC40 /* Products */,
			);
			sourceTree = "<group>";
		};
		94A3B77C2126D64D001AAC40 /* Products */ = {
			isa = PBXGroup;
			children = (
				94A3B77B2126D64D001AAC40 /* Proteins.app */,
			);
			name = Products;
			sourceTree = "<group>";
		};
		94A3B77D2126D64D001AAC40 /* Proteins */ = {
			isa = PBXGroup;
			children = (
				764E326A2135A23400366E8C /* Tools */,
				76D72EC92130940600C52D82 /* Models */,
				76D72EC62130929F00C52D82 /* Extensions */,
				94A433D32129ACCC007933E0 /* ligands.txt */,
				94A3B77E2126D64D001AAC40 /* AppDelegate.swift */,
				76AA097C2128B176004D7323 /* Controllers */,
				94A433D72129B120007933E0 /* Views */,
				94A3B7872126D64E001AAC40 /* LaunchScreen.storyboard */,
				94A3B7852126D64E001AAC40 /* Assets.xcassets */,
				94A3B78A2126D64E001AAC40 /* Info.plist */,
			);
			path = Proteins;
			sourceTree = "<group>";
		};
		94A433D72129B120007933E0 /* Views */ = {
			isa = PBXGroup;
			children = (
				94A433D52129B116007933E0 /* ProteinCell.swift */,
				7619724021388C0E00D618BC /* SceneKitView.swift */,
				764E32712135FDFC00366E8C /* Cylinder.swift */,
			);
			path = Views;
			sourceTree = "<group>";
		};
/* End PBXGroup section */

/* Begin PBXNativeTarget section */
		94A3B77A2126D64D001AAC40 /* Proteins */ = {
			isa = PBXNativeTarget;
			buildConfigurationList = 94A3B78D2126D64E001AAC40 /* Build configuration list for PBXNativeTarget "Proteins" */;
			buildPhases = (
				94A3B7772126D64D001AAC40 /* Sources */,
				94A3B7782126D64D001AAC40 /* Frameworks */,
				94A3B7792126D64D001AAC40 /* Resources */,
			);
			buildRules = (
			);
			dependencies = (
			);
			name = Proteins;
			productName = Proteins;
			productReference = 94A3B77B2126D64D001AAC40 /* Proteins.app */;
			productType = "com.apple.product-type.application";
		};
/* End PBXNativeTarget section */

/* Begin PBXProject section */
		94A3B7732126D64D001AAC40 /* Project object */ = {
			isa = PBXProject;
			attributes = {
				LastSwiftUpdateCheck = 0920;
				LastUpgradeCheck = 0940;
				ORGANIZATIONNAME = "Audrey ROEMER";
				TargetAttributes = {
					94A3B77A2126D64D001AAC40 = {
						CreatedOnToolsVersion = 9.2;
						ProvisioningStyle = Automatic;
					};
				};
			};
			buildConfigurationList = 94A3B7762126D64D001AAC40 /* Build configuration list for PBXProject "Proteins" */;
			compatibilityVersion = "Xcode 8.0";
			developmentRegion = en;
			hasScannedForEncodings = 0;
			knownRegions = (
				en,
				Base,
			);
			mainGroup = 94A3B7722126D64D001AAC40;
			productRefGroup = 94A3B77C2126D64D001AAC40 /* Products */;
			projectDirPath = "";
			projectRoot = "";
			targets = (
				94A3B77A2126D64D001AAC40 /* Proteins */,
			);
		};
/* End PBXProject section */

/* Begin PBXResourcesBuildPhase section */
		94A3B7792126D64D001AAC40 /* Resources */ = {
			isa = PBXResourcesBuildPhase;
			buildActionMask = 2147483647;
			files = (
				94A3B7892126D64E001AAC40 /* LaunchScreen.storyboard in Resources */,
				94A433D42129ACCC007933E0 /* ligands.txt in Resources */,
				94A3B7862126D64E001AAC40 /* Assets.xcassets in Resources */,
			);
			runOnlyForDeploymentPostprocessing = 0;
		};
/* End PBXResourcesBuildPhase section */

/* Begin PBXSourcesBuildPhase section */
		94A3B7772126D64D001AAC40 /* Sources */ = {
			isa = PBXSourcesBuildPhase;
			buildActionMask = 2147483647;
			files = (
				94A5BF012126D6EE00AA4090 /* ListController.swift in Sources */,
				9475DDD02136DEF20098CCFB /* UIColor.swift in Sources */,
				7619724121388C0F00D618BC /* SceneKitView.swift in Sources */,
				9475DDD22136FAC70098CCFB /* UIView + Constraint.swift in Sources */,
				764E326C2135A25E00366E8C /* ColorFactory.swift in Sources */,
				94A433D62129B116007933E0 /* ProteinCell.swift in Sources */,
				764E326E2135A35000366E8C /* Color.swift in Sources */,
				764D5C6F21345A7B00D95104 /* Atoms.swift in Sources */,
				76D72ECB2130941E00C52D82 /* Ligands.swift in Sources */,
				764E32722135FDFC00366E8C /* Cylinder.swift in Sources */,
				94A3B77F2126D64D001AAC40 /* AppDelegate.swift in Sources */,
				764D5C6D213402AD00D95104 /* LigandController.swift in Sources */,
				76D72EC8213092C300C52D82 /* TableView + Search.swift in Sources */,
				761972432138931B00D618BC /* Conects.swift in Sources */,
				94A5BF032126FF4800AA4090 /* TouchController.swift in Sources */,
			);
			runOnlyForDeploymentPostprocessing = 0;
		};
/* End PBXSourcesBuildPhase section */

/* Begin PBXVariantGroup section */
		94A3B7872126D64E001AAC40 /* LaunchScreen.storyboard */ = {
			isa = PBXVariantGroup;
			children = (
				94A3B7882126D64E001AAC40 /* Base */,
			);
			name = LaunchScreen.storyboard;
			sourceTree = "<group>";
		};
/* End PBXVariantGroup section */

/* Begin XCBuildConfiguration section */
		94A3B78B2126D64E001AAC40 /* Debug */ = {
			isa = XCBuildConfiguration;
			buildSettings = {
				ALWAYS_SEARCH_USER_PATHS = NO;
				CLANG_ANALYZER_NONNULL = YES;
				CLANG_ANALYZER_NUMBER_OBJECT_CONVERSION = YES_AGGRESSIVE;
				CLANG_CXX_LANGUAGE_STANDARD = "gnu++14";
				CLANG_CXX_LIBRARY = "libc++";
				CLANG_ENABLE_MODULES = YES;
				CLANG_ENABLE_OBJC_ARC = YES;
				CLANG_WARN_BLOCK_CAPTURE_AUTORELEASING = YES;
				CLANG_WARN_BOOL_CONVERSION = YES;
				CLANG_WARN_COMMA = YES;
				CLANG_WARN_CONSTANT_CONVERSION = YES;
				CLANG_WARN_DEPRECATED_OBJC_IMPLEMENTATIONS = YES;
				CLANG_WARN_DIRECT_OBJC_ISA_USAGE = YES_ERROR;
				CLANG_WARN_DOCUMENTATION_COMMENTS = YES;
				CLANG_WARN_EMPTY_BODY = YES;
				CLANG_WARN_ENUM_CONVERSION = YES;
				CLANG_WARN_INFINITE_RECURSION = YES;
				CLANG_WARN_INT_CONVERSION = YES;
				CLANG_WARN_NON_LITERAL_NULL_CONVERSION = YES;
				CLANG_WARN_OBJC_IMPLICIT_RETAIN_SELF = YES;
				CLANG_WARN_OBJC_LITERAL_CONVERSION = YES;
				CLANG_WARN_OBJC_ROOT_CLASS = YES_ERROR;
				CLANG_WARN_RANGE_LOOP_ANALYSIS = YES;
				CLANG_WARN_STRICT_PROTOTYPES = YES;
				CLANG_WARN_SUSPICIOUS_MOVE = YES;
				CLANG_WARN_UNGUARDED_AVAILABILITY = YES_AGGRESSIVE;
				CLANG_WARN_UNREACHABLE_CODE = YES;
				CLANG_WARN__DUPLICATE_METHOD_MATCH = YES;
				CODE_SIGN_IDENTITY = "iPhone Developer";
				COPY_PHASE_STRIP = NO;
				DEBUG_INFORMATION_FORMAT = dwarf;
				ENABLE_STRICT_OBJC_MSGSEND = YES;
				ENABLE_TESTABILITY = YES;
				GCC_C_LANGUAGE_STANDARD = gnu11;
				GCC_DYNAMIC_NO_PIC = NO;
				GCC_NO_COMMON_BLOCKS = YES;
				GCC_OPTIMIZATION_LEVEL = 0;
				GCC_PREPROCESSOR_DEFINITIONS = (
					"DEBUG=1",
					"$(inherited)",
				);
				GCC_WARN_64_TO_32_BIT_CONVERSION = YES;
				GCC_WARN_ABOUT_RETURN_TYPE = YES_ERROR;
				GCC_WARN_UNDECLARED_SELECTOR = YES;
				GCC_WARN_UNINITIALIZED_AUTOS = YES_AGGRESSIVE;
				GCC_WARN_UNUSED_FUNCTION = YES;
				GCC_WARN_UNUSED_VARIABLE = YES;
				IPHONEOS_DEPLOYMENT_TARGET = 11.2;
				MTL_ENABLE_DEBUG_INFO = YES;
				ONLY_ACTIVE_ARCH = YES;
				SDKROOT = iphoneos;
				SWIFT_ACTIVE_COMPILATION_CONDITIONS = DEBUG;
				SWIFT_OPTIMIZATION_LEVEL = "-Onone";
			};
			name = Debug;
		};
		94A3B78C2126D64E001AAC40 /* Release */ = {
			isa = XCBuildConfiguration;
			buildSettings = {
				ALWAYS_SEARCH_USER_PATHS = NO;
				CLANG_ANALYZER_NONNULL = YES;
				CLANG_ANALYZER_NUMBER_OBJECT_CONVERSION = YES_AGGRESSIVE;
				CLANG_CXX_LANGUAGE_STANDARD = "gnu++14";
				CLANG_CXX_LIBRARY = "libc++";
				CLANG_ENABLE_MODULES = YES;
				CLANG_ENABLE_OBJC_ARC = YES;
				CLANG_WARN_BLOCK_CAPTURE_AUTORELEASING = YES;
				CLANG_WARN_BOOL_CONVERSION = YES;
				CLANG_WARN_COMMA = YES;
				CLANG_WARN_CONSTANT_CONVERSION = YES;
				CLANG_WARN_DEPRECATED_OBJC_IMPLEMENTATIONS = YES;
				CLANG_WARN_DIRECT_OBJC_ISA_USAGE = YES_ERROR;
				CLANG_WARN_DOCUMENTATION_COMMENTS = YES;
				CLANG_WARN_EMPTY_BODY = YES;
				CLANG_WARN_ENUM_CONVERSION = YES;
				CLANG_WARN_INFINITE_RECURSION = YES;
				CLANG_WARN_INT_CONVERSION = YES;
				CLANG_WARN_NON_LITERAL_NULL_CONVERSION = YES;
				CLANG_WARN_OBJC_IMPLICIT_RETAIN_SELF = YES;
				CLANG_WARN_OBJC_LITERAL_CONVERSION = YES;
				CLANG_WARN_OBJC_ROOT_CLASS = YES_ERROR;
				CLANG_WARN_RANGE_LOOP_ANALYSIS = YES;
				CLANG_WARN_STRICT_PROTOTYPES = YES;
				CLANG_WARN_SUSPICIOUS_MOVE = YES;
				CLANG_WARN_UNGUARDED_AVAILABILITY = YES_AGGRESSIVE;
				CLANG_WARN_UNREACHABLE_CODE = YES;
				CLANG_WARN__DUPLICATE_METHOD_MATCH = YES;
				CODE_SIGN_IDENTITY = "iPhone Developer";
				COPY_PHASE_STRIP = NO;
				DEBUG_INFORMATION_FORMAT = "dwarf-with-dsym";
				ENABLE_NS_ASSERTIONS = NO;
				ENABLE_STRICT_OBJC_MSGSEND = YES;
				GCC_C_LANGUAGE_STANDARD = gnu11;
				GCC_NO_COMMON_BLOCKS = YES;
				GCC_WARN_64_TO_32_BIT_CONVERSION = YES;
				GCC_WARN_ABOUT_RETURN_TYPE = YES_ERROR;
				GCC_WARN_UNDECLARED_SELECTOR = YES;
				GCC_WARN_UNINITIALIZED_AUTOS = YES_AGGRESSIVE;
				GCC_WARN_UNUSED_FUNCTION = YES;
				GCC_WARN_UNUSED_VARIABLE = YES;
				IPHONEOS_DEPLOYMENT_TARGET = 11.2;
				MTL_ENABLE_DEBUG_INFO = NO;
				SDKROOT = iphoneos;
				SWIFT_OPTIMIZATION_LEVEL = "-Owholemodule";
				VALIDATE_PRODUCT = YES;
			};
			name = Release;
		};
		94A3B78E2126D64E001AAC40 /* Debug */ = {
			isa = XCBuildConfiguration;
			buildSettings = {
				ASSETCATALOG_COMPILER_APPICON_NAME = AppIcon;
				CODE_SIGN_STYLE = Automatic;
				INFOPLIST_FILE = Proteins/Info.plist;
				LD_RUNPATH_SEARCH_PATHS = "$(inherited) @executable_path/Frameworks";
				PRODUCT_BUNDLE_IDENTIFIER = aroemer.Proteins;
				PRODUCT_NAME = "$(TARGET_NAME)";
				SWIFT_VERSION = 4.0;
				TARGETED_DEVICE_FAMILY = "1,2";
			};
			name = Debug;
		};
		94A3B78F2126D64E001AAC40 /* Release */ = {
			isa = XCBuildConfiguration;
			buildSettings = {
				ASSETCATALOG_COMPILER_APPICON_NAME = AppIcon;
				CODE_SIGN_STYLE = Automatic;
				INFOPLIST_FILE = Proteins/Info.plist;
				LD_RUNPATH_SEARCH_PATHS = "$(inherited) @executable_path/Frameworks";
				PRODUCT_BUNDLE_IDENTIFIER = aroemer.Proteins;
				PRODUCT_NAME = "$(TARGET_NAME)";
				SWIFT_VERSION = 4.0;
				TARGETED_DEVICE_FAMILY = "1,2";
			};
			name = Release;
		};
/* End XCBuildConfiguration section */

/* Begin XCConfigurationList section */
		94A3B7762126D64D001AAC40 /* Build configuration list for PBXProject "Proteins" */ = {
			isa = XCConfigurationList;
			buildConfigurations = (
				94A3B78B2126D64E001AAC40 /* Debug */,
				94A3B78C2126D64E001AAC40 /* Release */,
			);
			defaultConfigurationIsVisible = 0;
			defaultConfigurationName = Release;
		};
		94A3B78D2126D64E001AAC40 /* Build configuration list for PBXNativeTarget "Proteins" */ = {
			isa = XCConfigurationList;
			buildConfigurations = (
				94A3B78E2126D64E001AAC40 /* Debug */,
				94A3B78F2126D64E001AAC40 /* Release */,
			);
			defaultConfigurationIsVisible = 0;
			defaultConfigurationName = Release;
		};
/* End XCConfigurationList section */
	};
	rootObject = 94A3B7732126D64D001AAC40 /* Project object */;
}
